
Microsoft Visual Studio Solution File, Format Version 12.00
# Visual Studio Version 16
VisualStudioVersion = 16.0.33920.266
MinimumVisualStudioVersion = 10.0.40219.1
Project("{FAE04EC0-301F-11D3-BF4B-00C04F79EFBC}") = "CBS_Market_AI", "CBS_Market_AI.csproj", "{334CE5EA-CF93-45AF-8DB9-D7BF118DA3EF}"
EndProject
Global
	GlobalSection(SolutionConfigurationPlatforms) = preSolution
		Debug|Any CPU = Debug|Any CPU
		Release|Any CPU = Release|Any CPU
	EndGlobalSection
	GlobalSection(ProjectConfigurationPlatforms) = postSolution
		{334CE5EA-CF93-45AF-8DB9-D7BF118DA3EF}.Debug|Any CPU.ActiveCfg = Debug|Any CPU
		{334CE5EA-CF93-45AF-8DB9-D7BF118DA3EF}.Debug|Any CPU.Build.0 = Debug|Any CPU
		{334CE5EA-CF93-45AF-8DB9-D7BF118DA3EF}.Release|Any CPU.ActiveCfg = Release|Any CPU
		{334CE5EA-CF93-45AF-8DB9-D7BF118DA3EF}.Release|Any CPU.Build.0 = Release|Any CPU
	EndGlobalSection
	GlobalSection(SolutionProperties) = preSolution
		HideSolutionNode = FALSE
	EndGlobalSection
	GlobalSection(ExtensibilityGlobals) = postSolution
		SolutionGuid = {52A17D44-2A00-4407-99DD-20FF0E806699}
	EndGlobalSection
EndGlobal
